
Microsoft Visual Studio Solution File, Format Version 12.00
# Visual Studio Version 16
VisualStudioVersion = 16.0.29613.14
MinimumVisualStudioVersion = 10.0.40219.1
Project("{FAE04EC0-301F-11D3-BF4B-00C04F79EFBC}") = "RateMyLearning", "RateMyLearning\RateMyLearning.csproj", "{523D2FFB-79E2-460F-9986-AC4E0DDA3BFF}"
EndProject
Global
	GlobalSection(SolutionConfigurationPlatforms) = preSolution
		Debug|Any CPU = Debug|Any CPU
		Release|Any CPU = Release|Any CPU
	EndGlobalSection
	GlobalSection(ProjectConfigurationPlatforms) = postSolution
		{523D2FFB-79E2-460F-9986-AC4E0DDA3BFF}.Debug|Any CPU.ActiveCfg = Debug|Any CPU
		{523D2FFB-79E2-460F-9986-AC4E0DDA3BFF}.Debug|Any CPU.Build.0 = Debug|Any CPU
		{523D2FFB-79E2-460F-9986-AC4E0DDA3BFF}.Release|Any CPU.ActiveCfg = Release|Any CPU
		{523D2FFB-79E2-460F-9986-AC4E0DDA3BFF}.Release|Any CPU.Build.0 = Release|Any CPU
	EndGlobalSection
	GlobalSection(SolutionProperties) = preSolution
		HideSolutionNode = FALSE
	EndGlobalSection
	GlobalSection(ExtensibilityGlobals) = postSolution
		SolutionGuid = {2EC2A19A-3083-499B-ACC1-76D1FB0182CB}
	EndGlobalSection
EndGlobal
